
Microsoft Visual Studio Solution File, Format Version 12.00
Project("{FAE04EC0-301F-11D3-BF4B-00C04F79EFBC}") = "WebApplication2", "WebApplication2\WebApplication2.csproj", "{571E6920-3FA6-4F34-9671-25437CF72E87}"
EndProject
Global
	GlobalSection(SolutionConfigurationPlatforms) = preSolution
		Debug|Any CPU = Debug|Any CPU
		Release|Any CPU = Release|Any CPU
	EndGlobalSection
	GlobalSection(ProjectConfigurationPlatforms) = postSolution
		{571E6920-3FA6-4F34-9671-25437CF72E87}.Debug|Any CPU.ActiveCfg = Debug|Any CPU
		{571E6920-3FA6-4F34-9671-25437CF72E87}.Debug|Any CPU.Build.0 = Debug|Any CPU
		{571E6920-3FA6-4F34-9671-25437CF72E87}.Release|Any CPU.ActiveCfg = Release|Any CPU
		{571E6920-3FA6-4F34-9671-25437CF72E87}.Release|Any CPU.Build.0 = Release|Any CPU
	EndGlobalSection
EndGlobal
